
Microsoft Visual Studio Solution File, Format Version 12.00
# Visual Studio Version 17
VisualStudioVersion = 17.0.32014.148
MinimumVisualStudioVersion = 10.0.40219.1
Project("{FAE04EC0-301F-11D3-BF4B-00C04F79EFBC}") = "MorseCode.Chinese", "MorseCode.Chinese\MorseCode.Chinese.csproj", "{4955071D-A536-4CF3-8303-D2A748EFBDE0}"
EndProject
Global
	GlobalSection(SolutionConfigurationPlatforms) = preSolution
		Debug|Any CPU = Debug|Any CPU
		Release|Any CPU = Release|Any CPU
	EndGlobalSection
	GlobalSection(ProjectConfigurationPlatforms) = postSolution
		{4955071D-A536-4CF3-8303-D2A748EFBDE0}.Debug|Any CPU.ActiveCfg = Debug|Any CPU
		{4955071D-A536-4CF3-8303-D2A748EFBDE0}.Debug|Any CPU.Build.0 = Debug|Any CPU
		{4955071D-A536-4CF3-8303-D2A748EFBDE0}.Release|Any CPU.ActiveCfg = Release|Any CPU
		{4955071D-A536-4CF3-8303-D2A748EFBDE0}.Release|Any CPU.Build.0 = Release|Any CPU
	EndGlobalSection
	GlobalSection(SolutionProperties) = preSolution
		HideSolutionNode = FALSE
	EndGlobalSection
	GlobalSection(ExtensibilityGlobals) = postSolution
		SolutionGuid = {5F0A7926-A510-41F7-9C2C-ED440D3914A7}
	EndGlobalSection
EndGlobal
